
Microsoft Visual Studio Solution File, Format Version 12.00
# Visual Studio 15
VisualStudioVersion = 15.0.28010.2050
MinimumVisualStudioVersion = 10.0.40219.1
Project("{FAE04EC0-301F-11D3-BF4B-00C04F79EFBC}") = "ImagensLink", "ImagensLink\ImagensLink.csproj", "{EAC74F23-3DA0-46AD-867A-0D97CE79714C}"
EndProject
Global
	GlobalSection(SolutionConfigurationPlatforms) = preSolution
		Debug|Any CPU = Debug|Any CPU
		Release|Any CPU = Release|Any CPU
	EndGlobalSection
	GlobalSection(ProjectConfigurationPlatforms) = postSolution
		{EAC74F23-3DA0-46AD-867A-0D97CE79714C}.Debug|Any CPU.ActiveCfg = Debug|Any CPU
		{EAC74F23-3DA0-46AD-867A-0D97CE79714C}.Debug|Any CPU.Build.0 = Debug|Any CPU
		{EAC74F23-3DA0-46AD-867A-0D97CE79714C}.Release|Any CPU.ActiveCfg = Release|Any CPU
		{EAC74F23-3DA0-46AD-867A-0D97CE79714C}.Release|Any CPU.Build.0 = Release|Any CPU
	EndGlobalSection
	GlobalSection(SolutionProperties) = preSolution
		HideSolutionNode = FALSE
	EndGlobalSection
	GlobalSection(ExtensibilityGlobals) = postSolution
		SolutionGuid = {71A84EA7-663D-4AA9-AE49-E4CEC645BD18}
	EndGlobalSection
EndGlobal
